// !$*UTF8*$!
{
	archiveVersion = 1;
	classes = {
	};
	objectVersion = 56;
	objects = {

/* Begin PBXBuildFile section */
		A19A85262A0AA1A000D8C013 /* MoonshotApp.swift in Sources */ = {isa = PBXBuildFile; fileRef = A19A85252A0AA1A000D8C013 /* MoonshotApp.swift */; };
		A19A85282A0AA1A000D8C013 /* ContentView.swift in Sources */ = {isa = PBXBuildFile; fileRef = A19A85272A0AA1A000D8C013 /* ContentView.swift */; };
		A19A852A2A0AA1A100D8C013 /* Assets.xcassets in Resources */ = {isa = PBXBuildFile; fileRef = A19A85292A0AA1A100D8C013 /* Assets.xcassets */; };
		A19A85352A0AA31C00D8C013 /* rederizando imagens .swift in Sources */ = {isa = PBXBuildFile; fileRef = A19A85342A0AA31C00D8C013 /* rederizando imagens .swift */; };
		A19A85392A0AACD600D8C013 /* ScrollView Barrra de rolagem.swift in Sources */ = {isa = PBXBuildFile; fileRef = A19A85382A0AACD600D8C013 /* ScrollView Barrra de rolagem.swift */; };
		A19A853B2A0ABBCB00D8C013 /* Lista com janela para detalher .swift in Sources */ = {isa = PBXBuildFile; fileRef = A19A853A2A0ABBCB00D8C013 /* Lista com janela para detalher .swift */; };
		A19A853D2A0AC3E300D8C013 /* Codagle JSON decoder.swift in Sources */ = {isa = PBXBuildFile; fileRef = A19A853C2A0AC3E300D8C013 /* Codagle JSON decoder.swift */; };
		A19A853F2A0AC7F300D8C013 /* Colunas de Dados Grid  ScollView.swift in Sources */ = {isa = PBXBuildFile; fileRef = A19A853E2A0AC7F300D8C013 /* Colunas de Dados Grid  ScollView.swift */; };
		A19A85492A0B261E00D8C013 /* Astronaut.swift in Sources */ = {isa = PBXBuildFile; fileRef = A19A85482A0B261E00D8C013 /* Astronaut.swift */; };
		A19A854B2A0B280100D8C013 /* Pacote decodificável.swift in Sources */ = {isa = PBXBuildFile; fileRef = A19A854A2A0B280100D8C013 /* Pacote decodificável.swift */; };
		A1A297752A0B2F8000D8EB75 /* astronauts.json in Resources */ = {isa = PBXBuildFile; fileRef = A1A297732A0B2F8000D8EB75 /* astronauts.json */; };
		A1A297762A0B2F8000D8EB75 /* missions.json in Resources */ = {isa = PBXBuildFile; fileRef = A1A297742A0B2F8000D8EB75 /* missions.json */; };
		A1A297782A0B31CD00D8EB75 /* Mission.swift in Sources */ = {isa = PBXBuildFile; fileRef = A1A297772A0B31CD00D8EB75 /* Mission.swift */; };
		A1A2977A2A16883300D8EB75 /* Color-Theme.swift in Sources */ = {isa = PBXBuildFile; fileRef = A1A297792A16883300D8EB75 /* Color-Theme.swift */; };
		A1A2977C2A168F8300D8EB75 /* MissionView.swift in Sources */ = {isa = PBXBuildFile; fileRef = A1A2977B2A168F8300D8EB75 /* MissionView.swift */; };
		A1A2977E2A16A34400D8EB75 /* AstronautView.swift in Sources */ = {isa = PBXBuildFile; fileRef = A1A2977D2A16A34400D8EB75 /* AstronautView.swift */; };
		A1A297842A16BEFD00D8EB75 /* Scopo menor.swift in Sources */ = {isa = PBXBuildFile; fileRef = A1A297832A16BEFD00D8EB75 /* Scopo menor.swift */; };
/* End PBXBuildFile section */

/* Begin PBXFileReference section */
		A19A85222A0AA1A000D8C013 /* Moonshot.app */ = {isa = PBXFileReference; explicitFileType = wrapper.application; includeInIndex = 0; path = Moonshot.app; sourceTree = BUILT_PRODUCTS_DIR; };
		A19A85252A0AA1A000D8C013 /* MoonshotApp.swift */ = {isa = PBXFileReference; lastKnownFileType = sourcecode.swift; path = MoonshotApp.swift; sourceTree = "<group>"; };
		A19A85272A0AA1A000D8C013 /* ContentView.swift */ = {isa = PBXFileReference; lastKnownFileType = sourcecode.swift; path = ContentView.swift; sourceTree = "<group>"; };
		A19A85292A0AA1A100D8C013 /* Assets.xcassets */ = {isa = PBXFileReference; lastKnownFileType = folder.assetcatalog; path = Assets.xcassets; sourceTree = "<group>"; };
		A19A85342A0AA31C00D8C013 /* rederizando imagens .swift */ = {isa = PBXFileReference; lastKnownFileType = sourcecode.swift; path = "rederizando imagens .swift"; sourceTree = "<group>"; };
		A19A85382A0AACD600D8C013 /* ScrollView Barrra de rolagem.swift */ = {isa = PBXFileReference; lastKnownFileType = sourcecode.swift; path = "ScrollView Barrra de rolagem.swift"; sourceTree = "<group>"; };
		A19A853A2A0ABBCB00D8C013 /* Lista com janela para detalher .swift */ = {isa = PBXFileReference; lastKnownFileType = sourcecode.swift; path = "Lista com janela para detalher .swift"; sourceTree = "<group>"; };
		A19A853C2A0AC3E300D8C013 /* Codagle JSON decoder.swift */ = {isa = PBXFileReference; lastKnownFileType = sourcecode.swift; path = "Codagle JSON decoder.swift"; sourceTree = "<group>"; };
		A19A853E2A0AC7F300D8C013 /* Colunas de Dados Grid  ScollView.swift */ = {isa = PBXFileReference; lastKnownFileType = sourcecode.swift; path = "Colunas de Dados Grid  ScollView.swift"; sourceTree = "<group>"; };
		A19A85482A0B261E00D8C013 /* Astronaut.swift */ = {isa = PBXFileReference; lastKnownFileType = sourcecode.swift; path = Astronaut.swift; sourceTree = "<group>"; };
		A19A854A2A0B280100D8C013 /* Pacote decodificável.swift */ = {isa = PBXFileReference; lastKnownFileType = sourcecode.swift; path = "Pacote decodificável.swift"; sourceTree = "<group>"; };
		A1A297732A0B2F8000D8EB75 /* astronauts.json */ = {isa = PBXFileReference; fileEncoding = 4; lastKnownFileType = text.json; name = astronauts.json; path = ../../../../../../Downloads/astronauts.json; sourceTree = "<group>"; };
		A1A297742A0B2F8000D8EB75 /* missions.json */ = {isa = PBXFileReference; fileEncoding = 4; lastKnownFileType = text.json; name = missions.json; path = ../../../../../../Downloads/missions.json; sourceTree = "<group>"; };
		A1A297772A0B31CD00D8EB75 /* Mission.swift */ = {isa = PBXFileReference; lastKnownFileType = sourcecode.swift; path = Mission.swift; sourceTree = "<group>"; };
		A1A297792A16883300D8EB75 /* Color-Theme.swift */ = {isa = PBXFileReference; lastKnownFileType = sourcecode.swift; path = "Color-Theme.swift"; sourceTree = "<group>"; };
		A1A2977B2A168F8300D8EB75 /* MissionView.swift */ = {isa = PBXFileReference; lastKnownFileType = sourcecode.swift; path = MissionView.swift; sourceTree = "<group>"; };
		A1A2977D2A16A34400D8EB75 /* AstronautView.swift */ = {isa = PBXFileReference; lastKnownFileType = sourcecode.swift; path = AstronautView.swift; sourceTree = "<group>"; };
		A1A297832A16BEFD00D8EB75 /* Scopo menor.swift */ = {isa = PBXFileReference; lastKnownFileType = sourcecode.swift; path = "Scopo menor.swift"; sourceTree = "<group>"; };
/* End PBXFileReference section */

/* Begin PBXFrameworksBuildPhase section */
		A19A851F2A0AA1A000D8C013 /* Frameworks */ = {
			isa = PBXFrameworksBuildPhase;
			buildActionMask = 2147483647;
			files = (
			);
			runOnlyForDeploymentPostprocessing = 0;
		};
/* End PBXFrameworksBuildPhase section */

/* Begin PBXGroup section */
		A19A85192A0AA1A000D8C013 = {
			isa = PBXGroup;
			children = (
				A19A85242A0AA1A000D8C013 /* Moonshot */,
				A19A85232A0AA1A000D8C013 /* Products */,
			);
			sourceTree = "<group>";
		};
		A19A85232A0AA1A000D8C013 /* Products */ = {
			isa = PBXGroup;
			children = (
				A19A85222A0AA1A000D8C013 /* Moonshot.app */,
			);
			name = Products;
			sourceTree = "<group>";
		};
		A19A85242A0AA1A000D8C013 /* Moonshot */ = {
			isa = PBXGroup;
			children = (
				A19A85252A0AA1A000D8C013 /* MoonshotApp.swift */,
				A19A85272A0AA1A000D8C013 /* ContentView.swift */,
				A1A2977B2A168F8300D8EB75 /* MissionView.swift */,
				A1A2977D2A16A34400D8EB75 /* AstronautView.swift */,
				A19A854A2A0B280100D8C013 /* Pacote decodificável.swift */,
				A19A85482A0B261E00D8C013 /* Astronaut.swift */,
				A1A297772A0B31CD00D8EB75 /* Mission.swift */,
				A1A297792A16883300D8EB75 /* Color-Theme.swift */,
				A1A297732A0B2F8000D8EB75 /* astronauts.json */,
				A1A297742A0B2F8000D8EB75 /* missions.json */,
				A19A85332A0AA25B00D8C013 /* Group of Techiques */,
				A19A85292A0AA1A100D8C013 /* Assets.xcassets */,
				A19A852B2A0AA1A100D8C013 /* Preview Content */,
			);
			path = Moonshot;
			sourceTree = "<group>";
		};
		A19A852B2A0AA1A100D8C013 /* Preview Content */ = {
			isa = PBXGroup;
			children = (
			);
			path = "Preview Content";
			sourceTree = "<group>";
		};
		A19A85332A0AA25B00D8C013 /* Group of Techiques */ = {
			isa = PBXGroup;
			children = (
				A1A297832A16BEFD00D8EB75 /* Scopo menor.swift */,
				A19A85342A0AA31C00D8C013 /* rederizando imagens .swift */,
				A19A85382A0AACD600D8C013 /* ScrollView Barrra de rolagem.swift */,
				A19A853A2A0ABBCB00D8C013 /* Lista com janela para detalher .swift */,
				A19A853C2A0AC3E300D8C013 /* Codagle JSON decoder.swift */,
				A19A853E2A0AC7F300D8C013 /* Colunas de Dados Grid  ScollView.swift */,
			);
			path = "Group of Techiques";
			sourceTree = "<group>";
		};
/* End PBXGroup section */

/* Begin PBXNativeTarget section */
		A19A85212A0AA1A000D8C013 /* Moonshot */ = {
			isa = PBXNativeTarget;
			buildConfigurationList = A19A85302A0AA1A100D8C013 /* Build configuration list for PBXNativeTarget "Moonshot" */;
			buildPhases = (
				A19A851E2A0AA1A000D8C013 /* Sources */,
				A19A851F2A0AA1A000D8C013 /* Frameworks */,
				A19A85202A0AA1A000D8C013 /* Resources */,
			);
			buildRules = (
			);
			dependencies = (
			);
			name = Moonshot;
			productName = Moonshot;
			productReference = A19A85222A0AA1A000D8C013 /* Moonshot.app */;
			productType = "com.apple.product-type.application";
		};
/* End PBXNativeTarget section */

/* Begin PBXProject section */
		A19A851A2A0AA1A000D8C013 /* Project object */ = {
			isa = PBXProject;
			attributes = {
				BuildIndependentTargetsInParallel = 1;
				LastSwiftUpdateCheck = 1430;
				LastUpgradeCheck = 1430;
				TargetAttributes = {
					A19A85212A0AA1A000D8C013 = {
						CreatedOnToolsVersion = 14.3;
					};
				};
			};
			buildConfigurationList = A19A851D2A0AA1A000D8C013 /* Build configuration list for PBXProject "Moonshot" */;
			compatibilityVersion = "Xcode 14.0";
			developmentRegion = en;
			hasScannedForEncodings = 0;
			knownRegions = (
				en,
				Base,
			);
			mainGroup = A19A85192A0AA1A000D8C013;
			productRefGroup = A19A85232A0AA1A000D8C013 /* Products */;
			projectDirPath = "";
			projectRoot = "";
			targets = (
				A19A85212A0AA1A000D8C013 /* Moonshot */,
			);
		};
/* End PBXProject section */

/* Begin PBXResourcesBuildPhase section */
		A19A85202A0AA1A000D8C013 /* Resources */ = {
			isa = PBXResourcesBuildPhase;
			buildActionMask = 2147483647;
			files = (
				A19A852A2A0AA1A100D8C013 /* Assets.xcassets in Resources */,
				A1A297762A0B2F8000D8EB75 /* missions.json in Resources */,
				A1A297752A0B2F8000D8EB75 /* astronauts.json in Resources */,
			);
			runOnlyForDeploymentPostprocessing = 0;
		};
/* End PBXResourcesBuildPhase section */

/* Begin PBXSourcesBuildPhase section */
		A19A851E2A0AA1A000D8C013 /* Sources */ = {
			isa = PBXSourcesBuildPhase;
			buildActionMask = 2147483647;
			files = (
				A19A853D2A0AC3E300D8C013 /* Codagle JSON decoder.swift in Sources */,
				A19A85282A0AA1A000D8C013 /* ContentView.swift in Sources */,
				A1A2977A2A16883300D8EB75 /* Color-Theme.swift in Sources */,
				A19A85392A0AACD600D8C013 /* ScrollView Barrra de rolagem.swift in Sources */,
				A19A85492A0B261E00D8C013 /* Astronaut.swift in Sources */,
				A1A297842A16BEFD00D8EB75 /* Scopo menor.swift in Sources */,
				A1A2977C2A168F8300D8EB75 /* MissionView.swift in Sources */,
				A19A854B2A0B280100D8C013 /* Pacote decodificável.swift in Sources */,
				A19A853F2A0AC7F300D8C013 /* Colunas de Dados Grid  ScollView.swift in Sources */,
				A19A853B2A0ABBCB00D8C013 /* Lista com janela para detalher .swift in Sources */,
				A1A2977E2A16A34400D8EB75 /* AstronautView.swift in Sources */,
				A19A85352A0AA31C00D8C013 /* rederizando imagens .swift in Sources */,
				A1A297782A0B31CD00D8EB75 /* Mission.swift in Sources */,
				A19A85262A0AA1A000D8C013 /* MoonshotApp.swift in Sources */,
			);
			runOnlyForDeploymentPostprocessing = 0;
		};
/* End PBXSourcesBuildPhase section */

/* Begin XCBuildConfiguration section */
		A19A852E2A0AA1A100D8C013 /* Debug */ = {
			isa = XCBuildConfiguration;
			buildSettings = {
				ALWAYS_SEARCH_USER_PATHS = NO;
				CLANG_ANALYZER_NONNULL = YES;
				CLANG_ANALYZER_NUMBER_OBJECT_CONVERSION = YES_AGGRESSIVE;
				CLANG_CXX_LANGUAGE_STANDARD = "gnu++20";
				CLANG_ENABLE_MODULES = YES;
				CLANG_ENABLE_OBJC_ARC = YES;
				CLANG_ENABLE_OBJC_WEAK = YES;
				CLANG_WARN_BLOCK_CAPTURE_AUTORELEASING = YES;
				CLANG_WARN_BOOL_CONVERSION = YES;
				CLANG_WARN_COMMA = YES;
				CLANG_WARN_CONSTANT_CONVERSION = YES;
				CLANG_WARN_DEPRECATED_OBJC_IMPLEMENTATIONS = YES;
				CLANG_WARN_DIRECT_OBJC_ISA_USAGE = YES_ERROR;
				CLANG_WARN_DOCUMENTATION_COMMENTS = YES;
				CLANG_WARN_EMPTY_BODY = YES;
				CLANG_WARN_ENUM_CONVERSION = YES;
				CLANG_WARN_INFINITE_RECURSION = YES;
				CLANG_WARN_INT_CONVERSION = YES;
				CLANG_WARN_NON_LITERAL_NULL_CONVERSION = YES;
				CLANG_WARN_OBJC_IMPLICIT_RETAIN_SELF = YES;
				CLANG_WARN_OBJC_LITERAL_CONVERSION = YES;
				CLANG_WARN_OBJC_ROOT_CLASS = YES_ERROR;
				CLANG_WARN_QUOTED_INCLUDE_IN_FRAMEWORK_HEADER = YES;
				CLANG_WARN_RANGE_LOOP_ANALYSIS = YES;
				CLANG_WARN_STRICT_PROTOTYPES = YES;
				CLANG_WARN_SUSPICIOUS_MOVE = YES;
				CLANG_WARN_UNGUARDED_AVAILABILITY = YES_AGGRESSIVE;
				CLANG_WARN_UNREACHABLE_CODE = YES;
				CLANG_WARN__DUPLICATE_METHOD_MATCH = YES;
				COPY_PHASE_STRIP = NO;
				DEBUG_INFORMATION_FORMAT = dwarf;
				ENABLE_STRICT_OBJC_MSGSEND = YES;
				ENABLE_TESTABILITY = YES;
				GCC_C_LANGUAGE_STANDARD = gnu11;
				GCC_DYNAMIC_NO_PIC = NO;
				GCC_NO_COMMON_BLOCKS = YES;
				GCC_OPTIMIZATION_LEVEL = 0;
				GCC_PREPROCESSOR_DEFINITIONS = (
					"DEBUG=1",
					"$(inherited)",
				);
				GCC_WARN_64_TO_32_BIT_CONVERSION = YES;
				GCC_WARN_ABOUT_RETURN_TYPE = YES_ERROR;
				GCC_WARN_UNDECLARED_SELECTOR = YES;
				GCC_WARN_UNINITIALIZED_AUTOS = YES_AGGRESSIVE;
				GCC_WARN_UNUSED_FUNCTION = YES;
				GCC_WARN_UNUSED_VARIABLE = YES;
				IPHONEOS_DEPLOYMENT_TARGET = 16.4;
				MTL_ENABLE_DEBUG_INFO = INCLUDE_SOURCE;
				MTL_FAST_MATH = YES;
				ONLY_ACTIVE_ARCH = YES;
				SDKROOT = iphoneos;
				SWIFT_ACTIVE_COMPILATION_CONDITIONS = DEBUG;
				SWIFT_OPTIMIZATION_LEVEL = "-Onone";
			};
			name = Debug;
		};
		A19A852F2A0AA1A100D8C013 /* Release */ = {
			isa = XCBuildConfiguration;
			buildSettings = {
				ALWAYS_SEARCH_USER_PATHS = NO;
				CLANG_ANALYZER_NONNULL = YES;
				CLANG_ANALYZER_NUMBER_OBJECT_CONVERSION = YES_AGGRESSIVE;
				CLANG_CXX_LANGUAGE_STANDARD = "gnu++20";
				CLANG_ENABLE_MODULES = YES;
				CLANG_ENABLE_OBJC_ARC = YES;
				CLANG_ENABLE_OBJC_WEAK = YES;
				CLANG_WARN_BLOCK_CAPTURE_AUTORELEASING = YES;
				CLANG_WARN_BOOL_CONVERSION = YES;
				CLANG_WARN_COMMA = YES;
				CLANG_WARN_CONSTANT_CONVERSION = YES;
				CLANG_WARN_DEPRECATED_OBJC_IMPLEMENTATIONS = YES;
				CLANG_WARN_DIRECT_OBJC_ISA_USAGE = YES_ERROR;
				CLANG_WARN_DOCUMENTATION_COMMENTS = YES;
				CLANG_WARN_EMPTY_BODY = YES;
				CLANG_WARN_ENUM_CONVERSION = YES;
				CLANG_WARN_INFINITE_RECURSION = YES;
				CLANG_WARN_INT_CONVERSION = YES;
				CLANG_WARN_NON_LITERAL_NULL_CONVERSION = YES;
				CLANG_WARN_OBJC_IMPLICIT_RETAIN_SELF = YES;
				CLANG_WARN_OBJC_LITERAL_CONVERSION = YES;
				CLANG_WARN_OBJC_ROOT_CLASS = YES_ERROR;
				CLANG_WARN_QUOTED_INCLUDE_IN_FRAMEWORK_HEADER = YES;
				CLANG_WARN_RANGE_LOOP_ANALYSIS = YES;
				CLANG_WARN_STRICT_PROTOTYPES = YES;
				CLANG_WARN_SUSPICIOUS_MOVE = YES;
				CLANG_WARN_UNGUARDED_AVAILABILITY = YES_AGGRESSIVE;
				CLANG_WARN_UNREACHABLE_CODE = YES;
				CLANG_WARN__DUPLICATE_METHOD_MATCH = YES;
				COPY_PHASE_STRIP = NO;
				DEBUG_INFORMATION_FORMAT = "dwarf-with-dsym";
				ENABLE_NS_ASSERTIONS = NO;
				ENABLE_STRICT_OBJC_MSGSEND = YES;
				GCC_C_LANGUAGE_STANDARD = gnu11;
				GCC_NO_COMMON_BLOCKS = YES;
				GCC_WARN_64_TO_32_BIT_CONVERSION = YES;
				GCC_WARN_ABOUT_RETURN_TYPE = YES_ERROR;
				GCC_WARN_UNDECLARED_SELECTOR = YES;
				GCC_WARN_UNINITIALIZED_AUTOS = YES_AGGRESSIVE;
				GCC_WARN_UNUSED_FUNCTION = YES;
				GCC_WARN_UNUSED_VARIABLE = YES;
				IPHONEOS_DEPLOYMENT_TARGET = 16.4;
				MTL_ENABLE_DEBUG_INFO = NO;
				MTL_FAST_MATH = YES;
				SDKROOT = iphoneos;
				SWIFT_COMPILATION_MODE = wholemodule;
				SWIFT_OPTIMIZATION_LEVEL = "-O";
				VALIDATE_PRODUCT = YES;
			};
			name = Release;
		};
		A19A85312A0AA1A100D8C013 /* Debug */ = {
			isa = XCBuildConfiguration;
			buildSettings = {
				ASSETCATALOG_COMPILER_APPICON_NAME = AppIcon;
				ASSETCATALOG_COMPILER_GLOBAL_ACCENT_COLOR_NAME = AccentColor;
				CODE_SIGN_STYLE = Automatic;
				CURRENT_PROJECT_VERSION = 1;
				DEVELOPMENT_ASSET_PATHS = "\"Moonshot/Preview Content\"";
				DEVELOPMENT_TEAM = K9B45X443Y;
				ENABLE_PREVIEWS = YES;
				GENERATE_INFOPLIST_FILE = YES;
				INFOPLIST_KEY_UIApplicationSceneManifest_Generation = YES;
				INFOPLIST_KEY_UIApplicationSupportsIndirectInputEvents = YES;
				INFOPLIST_KEY_UILaunchScreen_Generation = YES;
				INFOPLIST_KEY_UISupportedInterfaceOrientations_iPad = "UIInterfaceOrientationPortrait UIInterfaceOrientationPortraitUpsideDown UIInterfaceOrientationLandscapeLeft UIInterfaceOrientationLandscapeRight";
				INFOPLIST_KEY_UISupportedInterfaceOrientations_iPhone = "UIInterfaceOrientationPortrait UIInterfaceOrientationLandscapeLeft UIInterfaceOrientationLandscapeRight";
				LD_RUNPATH_SEARCH_PATHS = (
					"$(inherited)",
					"@executable_path/Frameworks",
				);
				MARKETING_VERSION = 1.0;
				PRODUCT_BUNDLE_IDENTIFIER = "romaoboris-gmail.com.Moonshot";
				PRODUCT_NAME = "$(TARGET_NAME)";
				SWIFT_EMIT_LOC_STRINGS = YES;
				SWIFT_VERSION = 5.0;
				TARGETED_DEVICE_FAMILY = "1,2";
			};
			name = Debug;
		};
		A19A85322A0AA1A100D8C013 /* Release */ = {
			isa = XCBuildConfiguration;
			buildSettings = {
				ASSETCATALOG_COMPILER_APPICON_NAME = AppIcon;
				ASSETCATALOG_COMPILER_GLOBAL_ACCENT_COLOR_NAME = AccentColor;
				CODE_SIGN_STYLE = Automatic;
				CURRENT_PROJECT_VERSION = 1;
				DEVELOPMENT_ASSET_PATHS = "\"Moonshot/Preview Content\"";
				DEVELOPMENT_TEAM = K9B45X443Y;
				ENABLE_PREVIEWS = YES;
				GENERATE_INFOPLIST_FILE = YES;
				INFOPLIST_KEY_UIApplicationSceneManifest_Generation = YES;
				INFOPLIST_KEY_UIApplicationSupportsIndirectInputEvents = YES;
				INFOPLIST_KEY_UILaunchScreen_Generation = YES;
				INFOPLIST_KEY_UISupportedInterfaceOrientations_iPad = "UIInterfaceOrientationPortrait UIInterfaceOrientationPortraitUpsideDown UIInterfaceOrientationLandscapeLeft UIInterfaceOrientationLandscapeRight";
				INFOPLIST_KEY_UISupportedInterfaceOrientations_iPhone = "UIInterfaceOrientationPortrait UIInterfaceOrientationLandscapeLeft UIInterfaceOrientationLandscapeRight";
				LD_RUNPATH_SEARCH_PATHS = (
					"$(inherited)",
					"@executable_path/Frameworks",
				);
				MARKETING_VERSION = 1.0;
				PRODUCT_BUNDLE_IDENTIFIER = "romaoboris-gmail.com.Moonshot";
				PRODUCT_NAME = "$(TARGET_NAME)";
				SWIFT_EMIT_LOC_STRINGS = YES;
				SWIFT_VERSION = 5.0;
				TARGETED_DEVICE_FAMILY = "1,2";
			};
			name = Release;
		};
/* End XCBuildConfiguration section */

/* Begin XCConfigurationList section */
		A19A851D2A0AA1A000D8C013 /* Build configuration list for PBXProject "Moonshot" */ = {
			isa = XCConfigurationList;
			buildConfigurations = (
				A19A852E2A0AA1A100D8C013 /* Debug */,
				A19A852F2A0AA1A100D8C013 /* Release */,
			);
			defaultConfigurationIsVisible = 0;
			defaultConfigurationName = Release;
		};
		A19A85302A0AA1A100D8C013 /* Build configuration list for PBXNativeTarget "Moonshot" */ = {
			isa = XCConfigurationList;
			buildConfigurations = (
				A19A85312A0AA1A100D8C013 /* Debug */,
				A19A85322A0AA1A100D8C013 /* Release */,
			);
			defaultConfigurationIsVisible = 0;
			defaultConfigurationName = Release;
		};
/* End XCConfigurationList section */
	};
	rootObject = A19A851A2A0AA1A000D8C013 /* Project object */;
}
